
Microsoft Visual Studio Solution File, Format Version 12.00
# Visual Studio 15
VisualStudioVersion = 15.0.28010.2050
MinimumVisualStudioVersion = 10.0.40219.1
Project("{FAE04EC0-301F-11D3-BF4B-00C04F79EFBC}") = "Vehicles_API", "Vehicles_API\Vehicles_API.csproj", "{2766C5D8-5BB4-4F2A-9E7F-C016E32137BD}"
EndProject
Global
	GlobalSection(SolutionConfigurationPlatforms) = preSolution
		Debug|Any CPU = Debug|Any CPU
		Release|Any CPU = Release|Any CPU
	EndGlobalSection
	GlobalSection(ProjectConfigurationPlatforms) = postSolution
		{2766C5D8-5BB4-4F2A-9E7F-C016E32137BD}.Debug|Any CPU.ActiveCfg = Debug|Any CPU
		{2766C5D8-5BB4-4F2A-9E7F-C016E32137BD}.Debug|Any CPU.Build.0 = Debug|Any CPU
		{2766C5D8-5BB4-4F2A-9E7F-C016E32137BD}.Release|Any CPU.ActiveCfg = Release|Any CPU
		{2766C5D8-5BB4-4F2A-9E7F-C016E32137BD}.Release|Any CPU.Build.0 = Release|Any CPU
	EndGlobalSection
	GlobalSection(SolutionProperties) = preSolution
		HideSolutionNode = FALSE
	EndGlobalSection
	GlobalSection(ExtensibilityGlobals) = postSolution
		SolutionGuid = {129BC345-3792-4606-80E9-9EE1BDE7C6D6}
	EndGlobalSection
EndGlobal
